
Microsoft Visual Studio Solution File, Format Version 12.00
# Visual Studio Version 17
VisualStudioVersion = 17.14.37531.7 d17.14
MinimumVisualStudioVersion = 10.0.40219.1
Project("{FAE04EC0-301F-11D3-BF4B-00C04F79EFBC}") = "Light Control System", "Light Control System.csproj", "{1F7B4776-5889-417B-98C1-D0F417A5AA27}"
EndProject
Global
	GlobalSection(SolutionConfigurationPlatforms) = preSolution
		Debug|Any CPU = Debug|Any CPU
		Release|Any CPU = Release|Any CPU
	EndGlobalSection
	GlobalSection(ProjectConfigurationPlatforms) = postSolution
		{1F7B4776-5889-417B-98C1-D0F417A5AA27}.Debug|Any CPU.ActiveCfg = Debug|Any CPU
		{1F7B4776-5889-417B-98C1-D0F417A5AA27}.Debug|Any CPU.Build.0 = Debug|Any CPU
		{1F7B4776-5889-417B-98C1-D0F417A5AA27}.Release|Any CPU.ActiveCfg = Release|Any CPU
		{1F7B4776-5889-417B-98C1-D0F417A5AA27}.Release|Any CPU.Build.0 = Release|Any CPU
	EndGlobalSection
	GlobalSection(SolutionProperties) = preSolution
		HideSolutionNode = FALSE
	EndGlobalSection
	GlobalSection(ExtensibilityGlobals) = postSolution
		SolutionGuid = {47259AB2-3262-405C-AE05-27FAB952B4F8}
	EndGlobalSection
EndGlobal
