
Microsoft Visual Studio Solution File, Format Version 12.00
# Visual Studio Version 17
VisualStudioVersion = 17.14.37531.7 d17.14
MinimumVisualStudioVersion = 10.0.40219.1
Project("{FAE04EC0-301F-11D3-BF4B-00C04F79EFBC}") = "Find Middle Element in a Queue", "Find Middle Element in a Queue.csproj", "{7274AAE7-402F-439F-AF6E-1F33FC922CCE}"
EndProject
Global
	GlobalSection(SolutionConfigurationPlatforms) = preSolution
		Debug|Any CPU = Debug|Any CPU
		Release|Any CPU = Release|Any CPU
	EndGlobalSection
	GlobalSection(ProjectConfigurationPlatforms) = postSolution
		{7274AAE7-402F-439F-AF6E-1F33FC922CCE}.Debug|Any CPU.ActiveCfg = Debug|Any CPU
		{7274AAE7-402F-439F-AF6E-1F33FC922CCE}.Debug|Any CPU.Build.0 = Debug|Any CPU
		{7274AAE7-402F-439F-AF6E-1F33FC922CCE}.Release|Any CPU.ActiveCfg = Release|Any CPU
		{7274AAE7-402F-439F-AF6E-1F33FC922CCE}.Release|Any CPU.Build.0 = Release|Any CPU
	EndGlobalSection
	GlobalSection(SolutionProperties) = preSolution
		HideSolutionNode = FALSE
	EndGlobalSection
	GlobalSection(ExtensibilityGlobals) = postSolution
		SolutionGuid = {9F391307-B2D4-4F50-8FED-53F7864BB355}
	EndGlobalSection
EndGlobal
