
Microsoft Visual Studio Solution File, Format Version 12.00
# Visual Studio Version 17
VisualStudioVersion = 17.14.37531.7 d17.14
MinimumVisualStudioVersion = 10.0.40219.1
Project("{FAE04EC0-301F-11D3-BF4B-00C04F79EFBC}") = "Rearrange Queue Alternately", "Rearrange Queue Alternately.csproj", "{4FC4D9A1-107F-43EA-BF36-C0678705622F}"
EndProject
Global
	GlobalSection(SolutionConfigurationPlatforms) = preSolution
		Debug|Any CPU = Debug|Any CPU
		Release|Any CPU = Release|Any CPU
	EndGlobalSection
	GlobalSection(ProjectConfigurationPlatforms) = postSolution
		{4FC4D9A1-107F-43EA-BF36-C0678705622F}.Debug|Any CPU.ActiveCfg = Debug|Any CPU
		{4FC4D9A1-107F-43EA-BF36-C0678705622F}.Debug|Any CPU.Build.0 = Debug|Any CPU
		{4FC4D9A1-107F-43EA-BF36-C0678705622F}.Release|Any CPU.ActiveCfg = Release|Any CPU
		{4FC4D9A1-107F-43EA-BF36-C0678705622F}.Release|Any CPU.Build.0 = Release|Any CPU
	EndGlobalSection
	GlobalSection(SolutionProperties) = preSolution
		HideSolutionNode = FALSE
	EndGlobalSection
	GlobalSection(ExtensibilityGlobals) = postSolution
		SolutionGuid = {D14B4158-AD88-4E43-8201-B86AE1DC8557}
	EndGlobalSection
EndGlobal
