
Microsoft Visual Studio Solution File, Format Version 12.00
# Visual Studio Version 17
VisualStudioVersion = 17.14.37531.7 d17.14
MinimumVisualStudioVersion = 10.0.40219.1
Project("{FAE04EC0-301F-11D3-BF4B-00C04F79EFBC}") = "Real-Time Leaderboard", "Real-Time Leaderboard.csproj", "{5DF92102-7B7B-43F0-870D-77F64DDD1B95}"
EndProject
Global
	GlobalSection(SolutionConfigurationPlatforms) = preSolution
		Debug|Any CPU = Debug|Any CPU
		Release|Any CPU = Release|Any CPU
	EndGlobalSection
	GlobalSection(ProjectConfigurationPlatforms) = postSolution
		{5DF92102-7B7B-43F0-870D-77F64DDD1B95}.Debug|Any CPU.ActiveCfg = Debug|Any CPU
		{5DF92102-7B7B-43F0-870D-77F64DDD1B95}.Debug|Any CPU.Build.0 = Debug|Any CPU
		{5DF92102-7B7B-43F0-870D-77F64DDD1B95}.Release|Any CPU.ActiveCfg = Release|Any CPU
		{5DF92102-7B7B-43F0-870D-77F64DDD1B95}.Release|Any CPU.Build.0 = Release|Any CPU
	EndGlobalSection
	GlobalSection(SolutionProperties) = preSolution
		HideSolutionNode = FALSE
	EndGlobalSection
	GlobalSection(ExtensibilityGlobals) = postSolution
		SolutionGuid = {D98A3F88-E4C7-470D-8A67-E3935289F5F1}
	EndGlobalSection
EndGlobal
