
Microsoft Visual Studio Solution File, Format Version 12.00
# Visual Studio Version 17
VisualStudioVersion = 17.14.37531.7 d17.14
MinimumVisualStudioVersion = 10.0.40219.1
Project("{FAE04EC0-301F-11D3-BF4B-00C04F79EFBC}") = "Interleave Queue Elements", "Interleave Queue Elements.csproj", "{80F289DB-5ABC-4F81-BA23-8825B383149C}"
EndProject
Global
	GlobalSection(SolutionConfigurationPlatforms) = preSolution
		Debug|Any CPU = Debug|Any CPU
		Release|Any CPU = Release|Any CPU
	EndGlobalSection
	GlobalSection(ProjectConfigurationPlatforms) = postSolution
		{80F289DB-5ABC-4F81-BA23-8825B383149C}.Debug|Any CPU.ActiveCfg = Debug|Any CPU
		{80F289DB-5ABC-4F81-BA23-8825B383149C}.Debug|Any CPU.Build.0 = Debug|Any CPU
		{80F289DB-5ABC-4F81-BA23-8825B383149C}.Release|Any CPU.ActiveCfg = Release|Any CPU
		{80F289DB-5ABC-4F81-BA23-8825B383149C}.Release|Any CPU.Build.0 = Release|Any CPU
	EndGlobalSection
	GlobalSection(SolutionProperties) = preSolution
		HideSolutionNode = FALSE
	EndGlobalSection
	GlobalSection(ExtensibilityGlobals) = postSolution
		SolutionGuid = {B15A6C38-8C22-4283-9D27-5848CF06D747}
	EndGlobalSection
EndGlobal
