
Microsoft Visual Studio Solution File, Format Version 12.00
# Visual Studio Version 17
VisualStudioVersion = 17.14.37531.7 d17.14
MinimumVisualStudioVersion = 10.0.40219.1
Project("{FAE04EC0-301F-11D3-BF4B-00C04F79EFBC}") = "Flight Seat Reservations", "Flight Seat Reservations.csproj", "{F517F35D-2AC5-48F6-A09B-8A8F5C291951}"
EndProject
Global
	GlobalSection(SolutionConfigurationPlatforms) = preSolution
		Debug|Any CPU = Debug|Any CPU
		Release|Any CPU = Release|Any CPU
	EndGlobalSection
	GlobalSection(ProjectConfigurationPlatforms) = postSolution
		{F517F35D-2AC5-48F6-A09B-8A8F5C291951}.Debug|Any CPU.ActiveCfg = Debug|Any CPU
		{F517F35D-2AC5-48F6-A09B-8A8F5C291951}.Debug|Any CPU.Build.0 = Debug|Any CPU
		{F517F35D-2AC5-48F6-A09B-8A8F5C291951}.Release|Any CPU.ActiveCfg = Release|Any CPU
		{F517F35D-2AC5-48F6-A09B-8A8F5C291951}.Release|Any CPU.Build.0 = Release|Any CPU
	EndGlobalSection
	GlobalSection(SolutionProperties) = preSolution
		HideSolutionNode = FALSE
	EndGlobalSection
	GlobalSection(ExtensibilityGlobals) = postSolution
		SolutionGuid = {338E71B8-9A4F-4E8A-B1A2-97B25A138FB3}
	EndGlobalSection
EndGlobal
