
Microsoft Visual Studio Solution File, Format Version 12.00
# Visual Studio Version 17
VisualStudioVersion = 17.14.37531.7 d17.14
MinimumVisualStudioVersion = 10.0.40219.1
Project("{FAE04EC0-301F-11D3-BF4B-00C04F79EFBC}") = "Queue Using Two Stacks", "Queue Using Two Stacks.csproj", "{C924F1F0-5B82-4AA0-A922-1A1DF69159EB}"
EndProject
Global
	GlobalSection(SolutionConfigurationPlatforms) = preSolution
		Debug|Any CPU = Debug|Any CPU
		Release|Any CPU = Release|Any CPU
	EndGlobalSection
	GlobalSection(ProjectConfigurationPlatforms) = postSolution
		{C924F1F0-5B82-4AA0-A922-1A1DF69159EB}.Debug|Any CPU.ActiveCfg = Debug|Any CPU
		{C924F1F0-5B82-4AA0-A922-1A1DF69159EB}.Debug|Any CPU.Build.0 = Debug|Any CPU
		{C924F1F0-5B82-4AA0-A922-1A1DF69159EB}.Release|Any CPU.ActiveCfg = Release|Any CPU
		{C924F1F0-5B82-4AA0-A922-1A1DF69159EB}.Release|Any CPU.Build.0 = Release|Any CPU
	EndGlobalSection
	GlobalSection(SolutionProperties) = preSolution
		HideSolutionNode = FALSE
	EndGlobalSection
	GlobalSection(ExtensibilityGlobals) = postSolution
		SolutionGuid = {AA013F6D-3061-4EFB-A36C-6A80093BA668}
	EndGlobalSection
EndGlobal
