
Microsoft Visual Studio Solution File, Format Version 12.00
# Visual Studio Version 17
VisualStudioVersion = 17.14.37531.7 d17.14
MinimumVisualStudioVersion = 10.0.40219.1
Project("{FAE04EC0-301F-11D3-BF4B-00C04F79EFBC}") = "File System Organization", "File System Organization.csproj", "{FD9224FD-A2D3-4B23-8BDC-9C2E43FA12BF}"
EndProject
Global
	GlobalSection(SolutionConfigurationPlatforms) = preSolution
		Debug|Any CPU = Debug|Any CPU
		Release|Any CPU = Release|Any CPU
	EndGlobalSection
	GlobalSection(ProjectConfigurationPlatforms) = postSolution
		{FD9224FD-A2D3-4B23-8BDC-9C2E43FA12BF}.Debug|Any CPU.ActiveCfg = Debug|Any CPU
		{FD9224FD-A2D3-4B23-8BDC-9C2E43FA12BF}.Debug|Any CPU.Build.0 = Debug|Any CPU
		{FD9224FD-A2D3-4B23-8BDC-9C2E43FA12BF}.Release|Any CPU.ActiveCfg = Release|Any CPU
		{FD9224FD-A2D3-4B23-8BDC-9C2E43FA12BF}.Release|Any CPU.Build.0 = Release|Any CPU
	EndGlobalSection
	GlobalSection(SolutionProperties) = preSolution
		HideSolutionNode = FALSE
	EndGlobalSection
	GlobalSection(ExtensibilityGlobals) = postSolution
		SolutionGuid = {E69AF069-1DEA-4F85-A416-1374B9AA2198}
	EndGlobalSection
EndGlobal
