
Microsoft Visual Studio Solution File, Format Version 12.00
# Visual Studio Version 17
VisualStudioVersion = 17.14.37531.7 d17.14
MinimumVisualStudioVersion = 10.0.40219.1
Project("{FAE04EC0-301F-11D3-BF4B-00C04F79EFBC}") = "Basic Calculator", "Basic Calculator.csproj", "{7F24092D-C4AF-457F-8758-72EE765390D0}"
EndProject
Global
	GlobalSection(SolutionConfigurationPlatforms) = preSolution
		Debug|Any CPU = Debug|Any CPU
		Release|Any CPU = Release|Any CPU
	EndGlobalSection
	GlobalSection(ProjectConfigurationPlatforms) = postSolution
		{7F24092D-C4AF-457F-8758-72EE765390D0}.Debug|Any CPU.ActiveCfg = Debug|Any CPU
		{7F24092D-C4AF-457F-8758-72EE765390D0}.Debug|Any CPU.Build.0 = Debug|Any CPU
		{7F24092D-C4AF-457F-8758-72EE765390D0}.Release|Any CPU.ActiveCfg = Release|Any CPU
		{7F24092D-C4AF-457F-8758-72EE765390D0}.Release|Any CPU.Build.0 = Release|Any CPU
	EndGlobalSection
	GlobalSection(SolutionProperties) = preSolution
		HideSolutionNode = FALSE
	EndGlobalSection
	GlobalSection(ExtensibilityGlobals) = postSolution
		SolutionGuid = {A7F34D1B-8FE2-4701-9EBA-5EC68A9745D3}
	EndGlobalSection
EndGlobal
