
Microsoft Visual Studio Solution File, Format Version 12.00
# Visual Studio Version 17
VisualStudioVersion = 17.14.37531.7 d17.14
MinimumVisualStudioVersion = 10.0.40219.1
Project("{FAE04EC0-301F-11D3-BF4B-00C04F79EFBC}") = "Merge Two Sorted Queues", "Merge Two Sorted Queues.csproj", "{78992842-1D76-4FBB-B6B2-7553A3E7C040}"
EndProject
Global
	GlobalSection(SolutionConfigurationPlatforms) = preSolution
		Debug|Any CPU = Debug|Any CPU
		Release|Any CPU = Release|Any CPU
	EndGlobalSection
	GlobalSection(ProjectConfigurationPlatforms) = postSolution
		{78992842-1D76-4FBB-B6B2-7553A3E7C040}.Debug|Any CPU.ActiveCfg = Debug|Any CPU
		{78992842-1D76-4FBB-B6B2-7553A3E7C040}.Debug|Any CPU.Build.0 = Debug|Any CPU
		{78992842-1D76-4FBB-B6B2-7553A3E7C040}.Release|Any CPU.ActiveCfg = Release|Any CPU
		{78992842-1D76-4FBB-B6B2-7553A3E7C040}.Release|Any CPU.Build.0 = Release|Any CPU
	EndGlobalSection
	GlobalSection(SolutionProperties) = preSolution
		HideSolutionNode = FALSE
	EndGlobalSection
	GlobalSection(ExtensibilityGlobals) = postSolution
		SolutionGuid = {3137C527-8311-4410-B3BC-F6C8E382C6BE}
	EndGlobalSection
EndGlobal
