
Microsoft Visual Studio Solution File, Format Version 12.00
# Visual Studio Version 17
VisualStudioVersion = 17.14.37531.7 d17.14
MinimumVisualStudioVersion = 10.0.40219.1
Project("{FAE04EC0-301F-11D3-BF4B-00C04F79EFBC}") = "Directory Size Calculation", "Directory Size Calculation.csproj", "{A927A424-D79A-4CA5-8966-AD1B5E5C9A88}"
EndProject
Global
	GlobalSection(SolutionConfigurationPlatforms) = preSolution
		Debug|Any CPU = Debug|Any CPU
		Release|Any CPU = Release|Any CPU
	EndGlobalSection
	GlobalSection(ProjectConfigurationPlatforms) = postSolution
		{A927A424-D79A-4CA5-8966-AD1B5E5C9A88}.Debug|Any CPU.ActiveCfg = Debug|Any CPU
		{A927A424-D79A-4CA5-8966-AD1B5E5C9A88}.Debug|Any CPU.Build.0 = Debug|Any CPU
		{A927A424-D79A-4CA5-8966-AD1B5E5C9A88}.Release|Any CPU.ActiveCfg = Release|Any CPU
		{A927A424-D79A-4CA5-8966-AD1B5E5C9A88}.Release|Any CPU.Build.0 = Release|Any CPU
	EndGlobalSection
	GlobalSection(SolutionProperties) = preSolution
		HideSolutionNode = FALSE
	EndGlobalSection
	GlobalSection(ExtensibilityGlobals) = postSolution
		SolutionGuid = {EB895DDA-8346-4F95-BED4-D1402D37CEFF}
	EndGlobalSection
EndGlobal
