
Microsoft Visual Studio Solution File, Format Version 12.00
# Visual Studio Version 17
VisualStudioVersion = 17.14.37531.7 d17.14
MinimumVisualStudioVersion = 10.0.40219.1
Project("{FAE04EC0-301F-11D3-BF4B-00C04F79EFBC}") = "Print the largest value at each level of a binary tree", "Print the largest value at each level of a binary tree.csproj", "{3A6C7F88-A7B0-4F50-8E27-A1AE716F2AAB}"
EndProject
Global
	GlobalSection(SolutionConfigurationPlatforms) = preSolution
		Debug|Any CPU = Debug|Any CPU
		Release|Any CPU = Release|Any CPU
	EndGlobalSection
	GlobalSection(ProjectConfigurationPlatforms) = postSolution
		{3A6C7F88-A7B0-4F50-8E27-A1AE716F2AAB}.Debug|Any CPU.ActiveCfg = Debug|Any CPU
		{3A6C7F88-A7B0-4F50-8E27-A1AE716F2AAB}.Debug|Any CPU.Build.0 = Debug|Any CPU
		{3A6C7F88-A7B0-4F50-8E27-A1AE716F2AAB}.Release|Any CPU.ActiveCfg = Release|Any CPU
		{3A6C7F88-A7B0-4F50-8E27-A1AE716F2AAB}.Release|Any CPU.Build.0 = Release|Any CPU
	EndGlobalSection
	GlobalSection(SolutionProperties) = preSolution
		HideSolutionNode = FALSE
	EndGlobalSection
	GlobalSection(ExtensibilityGlobals) = postSolution
		SolutionGuid = {9D859FC1-5B92-4CC0-874A-4D54776BCAB9}
	EndGlobalSection
EndGlobal
