
Microsoft Visual Studio Solution File, Format Version 12.00
# Visual Studio Version 17
VisualStudioVersion = 17.14.37531.7 d17.14
MinimumVisualStudioVersion = 10.0.40219.1
Project("{FAE04EC0-301F-11D3-BF4B-00C04F79EFBC}") = "Find Elements Not in the Second Array", "Find Elements Not in the Second Array.csproj", "{AFCA2426-F9F4-4BF7-94DA-EB9EE92DCD12}"
EndProject
Global
	GlobalSection(SolutionConfigurationPlatforms) = preSolution
		Debug|Any CPU = Debug|Any CPU
		Release|Any CPU = Release|Any CPU
	EndGlobalSection
	GlobalSection(ProjectConfigurationPlatforms) = postSolution
		{AFCA2426-F9F4-4BF7-94DA-EB9EE92DCD12}.Debug|Any CPU.ActiveCfg = Debug|Any CPU
		{AFCA2426-F9F4-4BF7-94DA-EB9EE92DCD12}.Debug|Any CPU.Build.0 = Debug|Any CPU
		{AFCA2426-F9F4-4BF7-94DA-EB9EE92DCD12}.Release|Any CPU.ActiveCfg = Release|Any CPU
		{AFCA2426-F9F4-4BF7-94DA-EB9EE92DCD12}.Release|Any CPU.Build.0 = Release|Any CPU
	EndGlobalSection
	GlobalSection(SolutionProperties) = preSolution
		HideSolutionNode = FALSE
	EndGlobalSection
	GlobalSection(ExtensibilityGlobals) = postSolution
		SolutionGuid = {C569E8C0-CA83-4FF2-A207-2E54F798E530}
	EndGlobalSection
EndGlobal
