
Microsoft Visual Studio Solution File, Format Version 12.00
# Visual Studio Version 17
VisualStudioVersion = 17.14.37531.7 d17.14
MinimumVisualStudioVersion = 10.0.40219.1
Project("{FAE04EC0-301F-11D3-BF4B-00C04F79EFBC}") = "Track Player Stats in a Game", "Track Player Stats in a Game.csproj", "{A765E09A-8332-4DB9-9ED6-07B0CA3F4055}"
EndProject
Global
	GlobalSection(SolutionConfigurationPlatforms) = preSolution
		Debug|Any CPU = Debug|Any CPU
		Release|Any CPU = Release|Any CPU
	EndGlobalSection
	GlobalSection(ProjectConfigurationPlatforms) = postSolution
		{A765E09A-8332-4DB9-9ED6-07B0CA3F4055}.Debug|Any CPU.ActiveCfg = Debug|Any CPU
		{A765E09A-8332-4DB9-9ED6-07B0CA3F4055}.Debug|Any CPU.Build.0 = Debug|Any CPU
		{A765E09A-8332-4DB9-9ED6-07B0CA3F4055}.Release|Any CPU.ActiveCfg = Release|Any CPU
		{A765E09A-8332-4DB9-9ED6-07B0CA3F4055}.Release|Any CPU.Build.0 = Release|Any CPU
	EndGlobalSection
	GlobalSection(SolutionProperties) = preSolution
		HideSolutionNode = FALSE
	EndGlobalSection
	GlobalSection(ExtensibilityGlobals) = postSolution
		SolutionGuid = {774C3EBD-FDCD-4291-A2A1-6B2241D42CF3}
	EndGlobalSection
EndGlobal
