
Microsoft Visual Studio Solution File, Format Version 12.00
# Visual Studio Version 17
VisualStudioVersion = 17.14.37531.7 d17.14
MinimumVisualStudioVersion = 10.0.40219.1
Project("{FAE04EC0-301F-11D3-BF4B-00C04F79EFBC}") = "Manage Meeting Times for a Calender", "Manage Meeting Times for a Calender.csproj", "{203A5F8C-BBD6-48F7-A813-3EA995368C39}"
EndProject
Global
	GlobalSection(SolutionConfigurationPlatforms) = preSolution
		Debug|Any CPU = Debug|Any CPU
		Release|Any CPU = Release|Any CPU
	EndGlobalSection
	GlobalSection(ProjectConfigurationPlatforms) = postSolution
		{203A5F8C-BBD6-48F7-A813-3EA995368C39}.Debug|Any CPU.ActiveCfg = Debug|Any CPU
		{203A5F8C-BBD6-48F7-A813-3EA995368C39}.Debug|Any CPU.Build.0 = Debug|Any CPU
		{203A5F8C-BBD6-48F7-A813-3EA995368C39}.Release|Any CPU.ActiveCfg = Release|Any CPU
		{203A5F8C-BBD6-48F7-A813-3EA995368C39}.Release|Any CPU.Build.0 = Release|Any CPU
	EndGlobalSection
	GlobalSection(SolutionProperties) = preSolution
		HideSolutionNode = FALSE
	EndGlobalSection
	GlobalSection(ExtensibilityGlobals) = postSolution
		SolutionGuid = {8D76B174-0E74-4E19-A3AC-EC73C6F0A41B}
	EndGlobalSection
EndGlobal
