
Microsoft Visual Studio Solution File, Format Version 12.00
# Visual Studio Version 17
VisualStudioVersion = 17.14.37531.7 d17.14
MinimumVisualStudioVersion = 10.0.40219.1
Project("{FAE04EC0-301F-11D3-BF4B-00C04F79EFBC}") = "Dynamic Skill Matching", "Dynamic Skill Matching.csproj", "{76BB6655-6D67-4CEF-93A2-67412E09FE05}"
EndProject
Global
	GlobalSection(SolutionConfigurationPlatforms) = preSolution
		Debug|Any CPU = Debug|Any CPU
		Release|Any CPU = Release|Any CPU
	EndGlobalSection
	GlobalSection(ProjectConfigurationPlatforms) = postSolution
		{76BB6655-6D67-4CEF-93A2-67412E09FE05}.Debug|Any CPU.ActiveCfg = Debug|Any CPU
		{76BB6655-6D67-4CEF-93A2-67412E09FE05}.Debug|Any CPU.Build.0 = Debug|Any CPU
		{76BB6655-6D67-4CEF-93A2-67412E09FE05}.Release|Any CPU.ActiveCfg = Release|Any CPU
		{76BB6655-6D67-4CEF-93A2-67412E09FE05}.Release|Any CPU.Build.0 = Release|Any CPU
	EndGlobalSection
	GlobalSection(SolutionProperties) = preSolution
		HideSolutionNode = FALSE
	EndGlobalSection
	GlobalSection(ExtensibilityGlobals) = postSolution
		SolutionGuid = {D5B39F5D-87AA-42AD-8ADE-2AAB1DE890C9}
	EndGlobalSection
EndGlobal
