
Microsoft Visual Studio Solution File, Format Version 12.00
# Visual Studio Version 17
VisualStudioVersion = 17.14.37531.7 d17.14
MinimumVisualStudioVersion = 10.0.40219.1
Project("{FAE04EC0-301F-11D3-BF4B-00C04F79EFBC}") = "Periority Stack", "Periority Stack.csproj", "{B423AD73-9F40-43E9-A316-62570395C20F}"
EndProject
Global
	GlobalSection(SolutionConfigurationPlatforms) = preSolution
		Debug|Any CPU = Debug|Any CPU
		Release|Any CPU = Release|Any CPU
	EndGlobalSection
	GlobalSection(ProjectConfigurationPlatforms) = postSolution
		{B423AD73-9F40-43E9-A316-62570395C20F}.Debug|Any CPU.ActiveCfg = Debug|Any CPU
		{B423AD73-9F40-43E9-A316-62570395C20F}.Debug|Any CPU.Build.0 = Debug|Any CPU
		{B423AD73-9F40-43E9-A316-62570395C20F}.Release|Any CPU.ActiveCfg = Release|Any CPU
		{B423AD73-9F40-43E9-A316-62570395C20F}.Release|Any CPU.Build.0 = Release|Any CPU
	EndGlobalSection
	GlobalSection(SolutionProperties) = preSolution
		HideSolutionNode = FALSE
	EndGlobalSection
	GlobalSection(ExtensibilityGlobals) = postSolution
		SolutionGuid = {CB27D3BF-FA04-4C5F-94FB-95A2C5891850}
	EndGlobalSection
EndGlobal
