
Microsoft Visual Studio Solution File, Format Version 12.00
# Visual Studio Version 17
VisualStudioVersion = 17.14.37531.7 d17.14
MinimumVisualStudioVersion = 10.0.40219.1
Project("{FAE04EC0-301F-11D3-BF4B-00C04F79EFBC}") = "Store and Retrieve Student Grades", "Store and Retrieve Student Grades.csproj", "{EA336C7A-3D81-42E1-B02C-84908E3C6AEA}"
EndProject
Global
	GlobalSection(SolutionConfigurationPlatforms) = preSolution
		Debug|Any CPU = Debug|Any CPU
		Release|Any CPU = Release|Any CPU
	EndGlobalSection
	GlobalSection(ProjectConfigurationPlatforms) = postSolution
		{EA336C7A-3D81-42E1-B02C-84908E3C6AEA}.Debug|Any CPU.ActiveCfg = Debug|Any CPU
		{EA336C7A-3D81-42E1-B02C-84908E3C6AEA}.Debug|Any CPU.Build.0 = Debug|Any CPU
		{EA336C7A-3D81-42E1-B02C-84908E3C6AEA}.Release|Any CPU.ActiveCfg = Release|Any CPU
		{EA336C7A-3D81-42E1-B02C-84908E3C6AEA}.Release|Any CPU.Build.0 = Release|Any CPU
	EndGlobalSection
	GlobalSection(SolutionProperties) = preSolution
		HideSolutionNode = FALSE
	EndGlobalSection
	GlobalSection(ExtensibilityGlobals) = postSolution
		SolutionGuid = {6E5D97FB-64B6-42DB-816A-2E6E0242F989}
	EndGlobalSection
EndGlobal
