
Microsoft Visual Studio Solution File, Format Version 12.00
# Visual Studio Version 17
VisualStudioVersion = 17.14.37531.7 d17.14
MinimumVisualStudioVersion = 10.0.40219.1
Project("{FAE04EC0-301F-11D3-BF4B-00C04F79EFBC}") = "Convert Decimal to Binary", "Convert Decimal to Binary.csproj", "{9FFE5377-DABB-4126-BADF-503B6F3F2F1C}"
EndProject
Global
	GlobalSection(SolutionConfigurationPlatforms) = preSolution
		Debug|Any CPU = Debug|Any CPU
		Release|Any CPU = Release|Any CPU
	EndGlobalSection
	GlobalSection(ProjectConfigurationPlatforms) = postSolution
		{9FFE5377-DABB-4126-BADF-503B6F3F2F1C}.Debug|Any CPU.ActiveCfg = Debug|Any CPU
		{9FFE5377-DABB-4126-BADF-503B6F3F2F1C}.Debug|Any CPU.Build.0 = Debug|Any CPU
		{9FFE5377-DABB-4126-BADF-503B6F3F2F1C}.Release|Any CPU.ActiveCfg = Release|Any CPU
		{9FFE5377-DABB-4126-BADF-503B6F3F2F1C}.Release|Any CPU.Build.0 = Release|Any CPU
	EndGlobalSection
	GlobalSection(SolutionProperties) = preSolution
		HideSolutionNode = FALSE
	EndGlobalSection
	GlobalSection(ExtensibilityGlobals) = postSolution
		SolutionGuid = {43CC6188-B8FB-45C7-B6AB-C3CA2E222069}
	EndGlobalSection
EndGlobal
