
Microsoft Visual Studio Solution File, Format Version 12.00
# Visual Studio Version 17
VisualStudioVersion = 17.14.37531.7 d17.14
MinimumVisualStudioVersion = 10.0.40219.1
Project("{FAE04EC0-301F-11D3-BF4B-00C04F79EFBC}") = "Return Multiple Values from a Function", "Return Multiple Values from a Function.csproj", "{911F5BE6-F9A1-4778-BF94-096B5378A232}"
EndProject
Global
	GlobalSection(SolutionConfigurationPlatforms) = preSolution
		Debug|Any CPU = Debug|Any CPU
		Release|Any CPU = Release|Any CPU
	EndGlobalSection
	GlobalSection(ProjectConfigurationPlatforms) = postSolution
		{911F5BE6-F9A1-4778-BF94-096B5378A232}.Debug|Any CPU.ActiveCfg = Debug|Any CPU
		{911F5BE6-F9A1-4778-BF94-096B5378A232}.Debug|Any CPU.Build.0 = Debug|Any CPU
		{911F5BE6-F9A1-4778-BF94-096B5378A232}.Release|Any CPU.ActiveCfg = Release|Any CPU
		{911F5BE6-F9A1-4778-BF94-096B5378A232}.Release|Any CPU.Build.0 = Release|Any CPU
	EndGlobalSection
	GlobalSection(SolutionProperties) = preSolution
		HideSolutionNode = FALSE
	EndGlobalSection
	GlobalSection(ExtensibilityGlobals) = postSolution
		SolutionGuid = {0821E423-63D5-45BF-86C1-025D32A053E8}
	EndGlobalSection
EndGlobal
