
Microsoft Visual Studio Solution File, Format Version 12.00
# Visual Studio Version 17
VisualStudioVersion = 17.14.37531.7 d17.14
MinimumVisualStudioVersion = 10.0.40219.1
Project("{FAE04EC0-301F-11D3-BF4B-00C04F79EFBC}") = "Schedule Tasks Based on Priority", "Schedule Tasks Based on Priority.csproj", "{EFBA555F-00C3-4908-A3FC-17E39FBC5EAD}"
EndProject
Global
	GlobalSection(SolutionConfigurationPlatforms) = preSolution
		Debug|Any CPU = Debug|Any CPU
		Release|Any CPU = Release|Any CPU
	EndGlobalSection
	GlobalSection(ProjectConfigurationPlatforms) = postSolution
		{EFBA555F-00C3-4908-A3FC-17E39FBC5EAD}.Debug|Any CPU.ActiveCfg = Debug|Any CPU
		{EFBA555F-00C3-4908-A3FC-17E39FBC5EAD}.Debug|Any CPU.Build.0 = Debug|Any CPU
		{EFBA555F-00C3-4908-A3FC-17E39FBC5EAD}.Release|Any CPU.ActiveCfg = Release|Any CPU
		{EFBA555F-00C3-4908-A3FC-17E39FBC5EAD}.Release|Any CPU.Build.0 = Release|Any CPU
	EndGlobalSection
	GlobalSection(SolutionProperties) = preSolution
		HideSolutionNode = FALSE
	EndGlobalSection
	GlobalSection(ExtensibilityGlobals) = postSolution
		SolutionGuid = {5D8EA247-B939-46C2-ACB9-F49BA5F5B74D}
	EndGlobalSection
EndGlobal
