
Microsoft Visual Studio Solution File, Format Version 12.00
# Visual Studio Version 17
VisualStudioVersion = 17.14.37531.7 d17.14
MinimumVisualStudioVersion = 10.0.40219.1
Project("{FAE04EC0-301F-11D3-BF4B-00C04F79EFBC}") = "Find Elements in a Range", "Find Elements in a Range.csproj", "{37848B4C-9D5A-40DC-8766-B03E8059D66E}"
EndProject
Global
	GlobalSection(SolutionConfigurationPlatforms) = preSolution
		Debug|Any CPU = Debug|Any CPU
		Release|Any CPU = Release|Any CPU
	EndGlobalSection
	GlobalSection(ProjectConfigurationPlatforms) = postSolution
		{37848B4C-9D5A-40DC-8766-B03E8059D66E}.Debug|Any CPU.ActiveCfg = Debug|Any CPU
		{37848B4C-9D5A-40DC-8766-B03E8059D66E}.Debug|Any CPU.Build.0 = Debug|Any CPU
		{37848B4C-9D5A-40DC-8766-B03E8059D66E}.Release|Any CPU.ActiveCfg = Release|Any CPU
		{37848B4C-9D5A-40DC-8766-B03E8059D66E}.Release|Any CPU.Build.0 = Release|Any CPU
	EndGlobalSection
	GlobalSection(SolutionProperties) = preSolution
		HideSolutionNode = FALSE
	EndGlobalSection
	GlobalSection(ExtensibilityGlobals) = postSolution
		SolutionGuid = {66C4AA4F-0516-42F2-B568-4201E36D61F8}
	EndGlobalSection
EndGlobal
