
Microsoft Visual Studio Solution File, Format Version 12.00
# Visual Studio Version 17
VisualStudioVersion = 17.14.37531.7 d17.14
MinimumVisualStudioVersion = 10.0.40219.1
Project("{FAE04EC0-301F-11D3-BF4B-00C04F79EFBC}") = "Simplified Address Representation", "Simplified Address Representation.csproj", "{697B611B-C310-4FD6-BFCE-08F58295AF34}"
EndProject
Global
	GlobalSection(SolutionConfigurationPlatforms) = preSolution
		Debug|Any CPU = Debug|Any CPU
		Release|Any CPU = Release|Any CPU
	EndGlobalSection
	GlobalSection(ProjectConfigurationPlatforms) = postSolution
		{697B611B-C310-4FD6-BFCE-08F58295AF34}.Debug|Any CPU.ActiveCfg = Debug|Any CPU
		{697B611B-C310-4FD6-BFCE-08F58295AF34}.Debug|Any CPU.Build.0 = Debug|Any CPU
		{697B611B-C310-4FD6-BFCE-08F58295AF34}.Release|Any CPU.ActiveCfg = Release|Any CPU
		{697B611B-C310-4FD6-BFCE-08F58295AF34}.Release|Any CPU.Build.0 = Release|Any CPU
	EndGlobalSection
	GlobalSection(SolutionProperties) = preSolution
		HideSolutionNode = FALSE
	EndGlobalSection
	GlobalSection(ExtensibilityGlobals) = postSolution
		SolutionGuid = {0D1B054D-66F9-49AB-BD61-F8D816679A6D}
	EndGlobalSection
EndGlobal
