
Microsoft Visual Studio Solution File, Format Version 12.00
# Visual Studio Version 17
VisualStudioVersion = 17.14.37531.7 d17.14
MinimumVisualStudioVersion = 10.0.40219.1
Project("{FAE04EC0-301F-11D3-BF4B-00C04F79EFBC}") = "Find the Frequency of Each Character", "Find the Frequency of Each Character.csproj", "{D0AC1F65-7819-4E41-AB50-37C28CB0A444}"
EndProject
Global
	GlobalSection(SolutionConfigurationPlatforms) = preSolution
		Debug|Any CPU = Debug|Any CPU
		Release|Any CPU = Release|Any CPU
	EndGlobalSection
	GlobalSection(ProjectConfigurationPlatforms) = postSolution
		{D0AC1F65-7819-4E41-AB50-37C28CB0A444}.Debug|Any CPU.ActiveCfg = Debug|Any CPU
		{D0AC1F65-7819-4E41-AB50-37C28CB0A444}.Debug|Any CPU.Build.0 = Debug|Any CPU
		{D0AC1F65-7819-4E41-AB50-37C28CB0A444}.Release|Any CPU.ActiveCfg = Release|Any CPU
		{D0AC1F65-7819-4E41-AB50-37C28CB0A444}.Release|Any CPU.Build.0 = Release|Any CPU
	EndGlobalSection
	GlobalSection(SolutionProperties) = preSolution
		HideSolutionNode = FALSE
	EndGlobalSection
	GlobalSection(ExtensibilityGlobals) = postSolution
		SolutionGuid = {634B1D7D-DC8B-46F2-9079-C54617E41B2E}
	EndGlobalSection
EndGlobal
