
Microsoft Visual Studio Solution File, Format Version 12.00
# Visual Studio Version 17
VisualStudioVersion = 17.14.37531.7 d17.14
MinimumVisualStudioVersion = 10.0.40219.1
Project("{FAE04EC0-301F-11D3-BF4B-00C04F79EFBC}") = "Remove Elements Greater Than a Value", "Remove Elements Greater Than a Value.csproj", "{64DA6CE4-B5B9-47DC-9518-26C64F9FAF52}"
EndProject
Global
	GlobalSection(SolutionConfigurationPlatforms) = preSolution
		Debug|Any CPU = Debug|Any CPU
		Release|Any CPU = Release|Any CPU
	EndGlobalSection
	GlobalSection(ProjectConfigurationPlatforms) = postSolution
		{64DA6CE4-B5B9-47DC-9518-26C64F9FAF52}.Debug|Any CPU.ActiveCfg = Debug|Any CPU
		{64DA6CE4-B5B9-47DC-9518-26C64F9FAF52}.Debug|Any CPU.Build.0 = Debug|Any CPU
		{64DA6CE4-B5B9-47DC-9518-26C64F9FAF52}.Release|Any CPU.ActiveCfg = Release|Any CPU
		{64DA6CE4-B5B9-47DC-9518-26C64F9FAF52}.Release|Any CPU.Build.0 = Release|Any CPU
	EndGlobalSection
	GlobalSection(SolutionProperties) = preSolution
		HideSolutionNode = FALSE
	EndGlobalSection
	GlobalSection(ExtensibilityGlobals) = postSolution
		SolutionGuid = {1149585E-3241-4AEA-8235-C4C25EDE167B}
	EndGlobalSection
EndGlobal
