
Microsoft Visual Studio Solution File, Format Version 12.00
# Visual Studio Version 17
VisualStudioVersion = 17.14.37531.7 d17.14
MinimumVisualStudioVersion = 10.0.40219.1
Project("{FAE04EC0-301F-11D3-BF4B-00C04F79EFBC}") = "Coin Change Problem", "Coin Change Problem.csproj", "{C352991C-B91B-4C08-BFF0-F445F393B0E8}"
EndProject
Global
	GlobalSection(SolutionConfigurationPlatforms) = preSolution
		Debug|Any CPU = Debug|Any CPU
		Release|Any CPU = Release|Any CPU
	EndGlobalSection
	GlobalSection(ProjectConfigurationPlatforms) = postSolution
		{C352991C-B91B-4C08-BFF0-F445F393B0E8}.Debug|Any CPU.ActiveCfg = Debug|Any CPU
		{C352991C-B91B-4C08-BFF0-F445F393B0E8}.Debug|Any CPU.Build.0 = Debug|Any CPU
		{C352991C-B91B-4C08-BFF0-F445F393B0E8}.Release|Any CPU.ActiveCfg = Release|Any CPU
		{C352991C-B91B-4C08-BFF0-F445F393B0E8}.Release|Any CPU.Build.0 = Release|Any CPU
	EndGlobalSection
	GlobalSection(SolutionProperties) = preSolution
		HideSolutionNode = FALSE
	EndGlobalSection
	GlobalSection(ExtensibilityGlobals) = postSolution
		SolutionGuid = {34FE833D-8D4F-405D-BB8F-4B2B51354BB1}
	EndGlobalSection
EndGlobal
