
Microsoft Visual Studio Solution File, Format Version 12.00
# Visual Studio Version 17
VisualStudioVersion = 17.14.37531.7 d17.14
MinimumVisualStudioVersion = 10.0.40219.1
Project("{FAE04EC0-301F-11D3-BF4B-00C04F79EFBC}") = "Representing a Social Network", "Representing a Social Network.csproj", "{8846196E-F07E-4DC4-A2F2-663114C1347F}"
EndProject
Global
	GlobalSection(SolutionConfigurationPlatforms) = preSolution
		Debug|Any CPU = Debug|Any CPU
		Release|Any CPU = Release|Any CPU
	EndGlobalSection
	GlobalSection(ProjectConfigurationPlatforms) = postSolution
		{8846196E-F07E-4DC4-A2F2-663114C1347F}.Debug|Any CPU.ActiveCfg = Debug|Any CPU
		{8846196E-F07E-4DC4-A2F2-663114C1347F}.Debug|Any CPU.Build.0 = Debug|Any CPU
		{8846196E-F07E-4DC4-A2F2-663114C1347F}.Release|Any CPU.ActiveCfg = Release|Any CPU
		{8846196E-F07E-4DC4-A2F2-663114C1347F}.Release|Any CPU.Build.0 = Release|Any CPU
	EndGlobalSection
	GlobalSection(SolutionProperties) = preSolution
		HideSolutionNode = FALSE
	EndGlobalSection
	GlobalSection(ExtensibilityGlobals) = postSolution
		SolutionGuid = {970093F5-A3F1-4AA0-B02B-A0E73DDAE479}
	EndGlobalSection
EndGlobal
