
Microsoft Visual Studio Solution File, Format Version 12.00
# Visual Studio Version 17
VisualStudioVersion = 17.14.37531.7 d17.14
MinimumVisualStudioVersion = 10.0.40219.1
Project("{FAE04EC0-301F-11D3-BF4B-00C04F79EFBC}") = "Daily Sales for Different Products", "Daily Sales for Different Products.csproj", "{CC913C99-F5E5-48B4-9779-4BC282B1963C}"
EndProject
Global
	GlobalSection(SolutionConfigurationPlatforms) = preSolution
		Debug|Any CPU = Debug|Any CPU
		Release|Any CPU = Release|Any CPU
	EndGlobalSection
	GlobalSection(ProjectConfigurationPlatforms) = postSolution
		{CC913C99-F5E5-48B4-9779-4BC282B1963C}.Debug|Any CPU.ActiveCfg = Debug|Any CPU
		{CC913C99-F5E5-48B4-9779-4BC282B1963C}.Debug|Any CPU.Build.0 = Debug|Any CPU
		{CC913C99-F5E5-48B4-9779-4BC282B1963C}.Release|Any CPU.ActiveCfg = Release|Any CPU
		{CC913C99-F5E5-48B4-9779-4BC282B1963C}.Release|Any CPU.Build.0 = Release|Any CPU
	EndGlobalSection
	GlobalSection(SolutionProperties) = preSolution
		HideSolutionNode = FALSE
	EndGlobalSection
	GlobalSection(ExtensibilityGlobals) = postSolution
		SolutionGuid = {5DAD635E-B8A7-444C-AEA7-F33DF98AC79B}
	EndGlobalSection
EndGlobal
