
Microsoft Visual Studio Solution File, Format Version 12.00
# Visual Studio Version 17
VisualStudioVersion = 17.14.37531.7 d17.14
MinimumVisualStudioVersion = 10.0.40219.1
Project("{FAE04EC0-301F-11D3-BF4B-00C04F79EFBC}") = "Implementing Simple ]Day Backtracking", "Implementing Simple ]Day Backtracking.csproj", "{BB6F8E89-F79D-45F6-838C-8FE9655ECDF9}"
EndProject
Global
	GlobalSection(SolutionConfigurationPlatforms) = preSolution
		Debug|Any CPU = Debug|Any CPU
		Release|Any CPU = Release|Any CPU
	EndGlobalSection
	GlobalSection(ProjectConfigurationPlatforms) = postSolution
		{BB6F8E89-F79D-45F6-838C-8FE9655ECDF9}.Debug|Any CPU.ActiveCfg = Debug|Any CPU
		{BB6F8E89-F79D-45F6-838C-8FE9655ECDF9}.Debug|Any CPU.Build.0 = Debug|Any CPU
		{BB6F8E89-F79D-45F6-838C-8FE9655ECDF9}.Release|Any CPU.ActiveCfg = Release|Any CPU
		{BB6F8E89-F79D-45F6-838C-8FE9655ECDF9}.Release|Any CPU.Build.0 = Release|Any CPU
	EndGlobalSection
	GlobalSection(SolutionProperties) = preSolution
		HideSolutionNode = FALSE
	EndGlobalSection
	GlobalSection(ExtensibilityGlobals) = postSolution
		SolutionGuid = {79763680-DB38-4BC0-8F66-32F8429E9D27}
	EndGlobalSection
EndGlobal
