
Microsoft Visual Studio Solution File, Format Version 12.00
# Visual Studio Version 17
VisualStudioVersion = 17.14.37531.7 d17.14
MinimumVisualStudioVersion = 10.0.40219.1
Project("{FAE04EC0-301F-11D3-BF4B-00C04F79EFBC}") = "Find Longest Consecutive Sequence", "Find Longest Consecutive Sequence.csproj", "{AF45D45B-4DF9-45F6-B92D-5B841438FCFC}"
EndProject
Global
	GlobalSection(SolutionConfigurationPlatforms) = preSolution
		Debug|Any CPU = Debug|Any CPU
		Release|Any CPU = Release|Any CPU
	EndGlobalSection
	GlobalSection(ProjectConfigurationPlatforms) = postSolution
		{AF45D45B-4DF9-45F6-B92D-5B841438FCFC}.Debug|Any CPU.ActiveCfg = Debug|Any CPU
		{AF45D45B-4DF9-45F6-B92D-5B841438FCFC}.Debug|Any CPU.Build.0 = Debug|Any CPU
		{AF45D45B-4DF9-45F6-B92D-5B841438FCFC}.Release|Any CPU.ActiveCfg = Release|Any CPU
		{AF45D45B-4DF9-45F6-B92D-5B841438FCFC}.Release|Any CPU.Build.0 = Release|Any CPU
	EndGlobalSection
	GlobalSection(SolutionProperties) = preSolution
		HideSolutionNode = FALSE
	EndGlobalSection
	GlobalSection(ExtensibilityGlobals) = postSolution
		SolutionGuid = {A38BED7C-7EE8-4220-9D36-179C58B482B1}
	EndGlobalSection
EndGlobal
