
Microsoft Visual Studio Solution File, Format Version 12.00
# Visual Studio Version 17
VisualStudioVersion = 17.14.37531.7 d17.14
MinimumVisualStudioVersion = 10.0.40219.1
Project("{FAE04EC0-301F-11D3-BF4B-00C04F79EFBC}") = "Generate Binary Numbers", "Generate Binary Numbers.csproj", "{D3FF22CE-FF4F-4766-ADC8-D9358AC7B306}"
EndProject
Global
	GlobalSection(SolutionConfigurationPlatforms) = preSolution
		Debug|Any CPU = Debug|Any CPU
		Release|Any CPU = Release|Any CPU
	EndGlobalSection
	GlobalSection(ProjectConfigurationPlatforms) = postSolution
		{D3FF22CE-FF4F-4766-ADC8-D9358AC7B306}.Debug|Any CPU.ActiveCfg = Debug|Any CPU
		{D3FF22CE-FF4F-4766-ADC8-D9358AC7B306}.Debug|Any CPU.Build.0 = Debug|Any CPU
		{D3FF22CE-FF4F-4766-ADC8-D9358AC7B306}.Release|Any CPU.ActiveCfg = Release|Any CPU
		{D3FF22CE-FF4F-4766-ADC8-D9358AC7B306}.Release|Any CPU.Build.0 = Release|Any CPU
	EndGlobalSection
	GlobalSection(SolutionProperties) = preSolution
		HideSolutionNode = FALSE
	EndGlobalSection
	GlobalSection(ExtensibilityGlobals) = postSolution
		SolutionGuid = {A9D0259C-7C80-47A8-99DE-2F5CFA677A83}
	EndGlobalSection
EndGlobal
