
Microsoft Visual Studio Solution File, Format Version 12.00
# Visual Studio Version 17
VisualStudioVersion = 17.14.37531.7 d17.14
MinimumVisualStudioVersion = 10.0.40219.1
Project("{FAE04EC0-301F-11D3-BF4B-00C04F79EFBC}") = "Check for Duplicate Entries in Real-Time", "Check for Duplicate Entries in Real-Time.csproj", "{56E17A1E-ACC2-4614-9ADA-706FA6532C4F}"
EndProject
Global
	GlobalSection(SolutionConfigurationPlatforms) = preSolution
		Debug|Any CPU = Debug|Any CPU
		Release|Any CPU = Release|Any CPU
	EndGlobalSection
	GlobalSection(ProjectConfigurationPlatforms) = postSolution
		{56E17A1E-ACC2-4614-9ADA-706FA6532C4F}.Debug|Any CPU.ActiveCfg = Debug|Any CPU
		{56E17A1E-ACC2-4614-9ADA-706FA6532C4F}.Debug|Any CPU.Build.0 = Debug|Any CPU
		{56E17A1E-ACC2-4614-9ADA-706FA6532C4F}.Release|Any CPU.ActiveCfg = Release|Any CPU
		{56E17A1E-ACC2-4614-9ADA-706FA6532C4F}.Release|Any CPU.Build.0 = Release|Any CPU
	EndGlobalSection
	GlobalSection(SolutionProperties) = preSolution
		HideSolutionNode = FALSE
	EndGlobalSection
	GlobalSection(ExtensibilityGlobals) = postSolution
		SolutionGuid = {99812460-89BA-4EF8-A75E-CB253236C6A8}
	EndGlobalSection
EndGlobal
