
Microsoft Visual Studio Solution File, Format Version 12.00
# Visual Studio Version 17
VisualStudioVersion = 17.14.37531.7 d17.14
MinimumVisualStudioVersion = 10.0.40219.1
Project("{FAE04EC0-301F-11D3-BF4B-00C04F79EFBC}") = "Union of Two SortedSets", "Union of Two SortedSets.csproj", "{0311C399-33DF-4EAD-B2D0-212D59258163}"
EndProject
Global
	GlobalSection(SolutionConfigurationPlatforms) = preSolution
		Debug|Any CPU = Debug|Any CPU
		Release|Any CPU = Release|Any CPU
	EndGlobalSection
	GlobalSection(ProjectConfigurationPlatforms) = postSolution
		{0311C399-33DF-4EAD-B2D0-212D59258163}.Debug|Any CPU.ActiveCfg = Debug|Any CPU
		{0311C399-33DF-4EAD-B2D0-212D59258163}.Debug|Any CPU.Build.0 = Debug|Any CPU
		{0311C399-33DF-4EAD-B2D0-212D59258163}.Release|Any CPU.ActiveCfg = Release|Any CPU
		{0311C399-33DF-4EAD-B2D0-212D59258163}.Release|Any CPU.Build.0 = Release|Any CPU
	EndGlobalSection
	GlobalSection(SolutionProperties) = preSolution
		HideSolutionNode = FALSE
	EndGlobalSection
	GlobalSection(ExtensibilityGlobals) = postSolution
		SolutionGuid = {84151CF8-D068-4D85-8C90-48AB7D93E64D}
	EndGlobalSection
EndGlobal
