
Microsoft Visual Studio Solution File, Format Version 12.00
# Visual Studio Version 17
VisualStudioVersion = 17.14.37531.7 d17.14
MinimumVisualStudioVersion = 10.0.40219.1
Project("{FAE04EC0-301F-11D3-BF4B-00C04F79EFBC}") = "Return Success or Failure from a Function", "Return Success or Failure from a Function.csproj", "{18AB17A6-DC14-4912-A383-5111DEE6789F}"
EndProject
Global
	GlobalSection(SolutionConfigurationPlatforms) = preSolution
		Debug|Any CPU = Debug|Any CPU
		Release|Any CPU = Release|Any CPU
	EndGlobalSection
	GlobalSection(ProjectConfigurationPlatforms) = postSolution
		{18AB17A6-DC14-4912-A383-5111DEE6789F}.Debug|Any CPU.ActiveCfg = Debug|Any CPU
		{18AB17A6-DC14-4912-A383-5111DEE6789F}.Debug|Any CPU.Build.0 = Debug|Any CPU
		{18AB17A6-DC14-4912-A383-5111DEE6789F}.Release|Any CPU.ActiveCfg = Release|Any CPU
		{18AB17A6-DC14-4912-A383-5111DEE6789F}.Release|Any CPU.Build.0 = Release|Any CPU
	EndGlobalSection
	GlobalSection(SolutionProperties) = preSolution
		HideSolutionNode = FALSE
	EndGlobalSection
	GlobalSection(ExtensibilityGlobals) = postSolution
		SolutionGuid = {F6211EFC-D643-457F-A3C3-0A6390E4027C}
	EndGlobalSection
EndGlobal
