
Microsoft Visual Studio Solution File, Format Version 12.00
# Visual Studio Version 17
VisualStudioVersion = 17.14.37531.7 d17.14
MinimumVisualStudioVersion = 10.0.40219.1
Project("{FAE04EC0-301F-11D3-BF4B-00C04F79EFBC}") = "Manage Unique Flight Times", "Manage Unique Flight Times.csproj", "{3C299DBC-5D4C-4160-9BE3-127D9E53F623}"
EndProject
Global
	GlobalSection(SolutionConfigurationPlatforms) = preSolution
		Debug|Any CPU = Debug|Any CPU
		Release|Any CPU = Release|Any CPU
	EndGlobalSection
	GlobalSection(ProjectConfigurationPlatforms) = postSolution
		{3C299DBC-5D4C-4160-9BE3-127D9E53F623}.Debug|Any CPU.ActiveCfg = Debug|Any CPU
		{3C299DBC-5D4C-4160-9BE3-127D9E53F623}.Debug|Any CPU.Build.0 = Debug|Any CPU
		{3C299DBC-5D4C-4160-9BE3-127D9E53F623}.Release|Any CPU.ActiveCfg = Release|Any CPU
		{3C299DBC-5D4C-4160-9BE3-127D9E53F623}.Release|Any CPU.Build.0 = Release|Any CPU
	EndGlobalSection
	GlobalSection(SolutionProperties) = preSolution
		HideSolutionNode = FALSE
	EndGlobalSection
	GlobalSection(ExtensibilityGlobals) = postSolution
		SolutionGuid = {D8528D1D-3EEF-4A89-8A54-B394B73FB4D2}
	EndGlobalSection
EndGlobal
