
Microsoft Visual Studio Solution File, Format Version 12.00
# Visual Studio Version 17
VisualStudioVersion = 17.14.37531.7 d17.14
MinimumVisualStudioVersion = 10.0.40219.1
Project("{FAE04EC0-301F-11D3-BF4B-00C04F79EFBC}") = "Dynamic List of Students in a Classroom", "Dynamic List of Students in a Classroom.csproj", "{5834AE75-3AD7-439E-80B5-C720628A01B0}"
EndProject
Global
	GlobalSection(SolutionConfigurationPlatforms) = preSolution
		Debug|Any CPU = Debug|Any CPU
		Release|Any CPU = Release|Any CPU
	EndGlobalSection
	GlobalSection(ProjectConfigurationPlatforms) = postSolution
		{5834AE75-3AD7-439E-80B5-C720628A01B0}.Debug|Any CPU.ActiveCfg = Debug|Any CPU
		{5834AE75-3AD7-439E-80B5-C720628A01B0}.Debug|Any CPU.Build.0 = Debug|Any CPU
		{5834AE75-3AD7-439E-80B5-C720628A01B0}.Release|Any CPU.ActiveCfg = Release|Any CPU
		{5834AE75-3AD7-439E-80B5-C720628A01B0}.Release|Any CPU.Build.0 = Release|Any CPU
	EndGlobalSection
	GlobalSection(SolutionProperties) = preSolution
		HideSolutionNode = FALSE
	EndGlobalSection
	GlobalSection(ExtensibilityGlobals) = postSolution
		SolutionGuid = {700DEFF0-CD2B-4C3D-AC5E-AD8F6F20DC85}
	EndGlobalSection
EndGlobal
