
Microsoft Visual Studio Solution File, Format Version 12.00
# Visual Studio Version 17
VisualStudioVersion = 17.14.37531.7 d17.14
MinimumVisualStudioVersion = 10.0.40219.1
Project("{FAE04EC0-301F-11D3-BF4B-00C04F79EFBC}") = "Traffic Light Simulation", "Traffic Light Simulation.csproj", "{7433DDB3-A5CB-4174-B2C3-EEA442A639D1}"
EndProject
Global
	GlobalSection(SolutionConfigurationPlatforms) = preSolution
		Debug|Any CPU = Debug|Any CPU
		Release|Any CPU = Release|Any CPU
	EndGlobalSection
	GlobalSection(ProjectConfigurationPlatforms) = postSolution
		{7433DDB3-A5CB-4174-B2C3-EEA442A639D1}.Debug|Any CPU.ActiveCfg = Debug|Any CPU
		{7433DDB3-A5CB-4174-B2C3-EEA442A639D1}.Debug|Any CPU.Build.0 = Debug|Any CPU
		{7433DDB3-A5CB-4174-B2C3-EEA442A639D1}.Release|Any CPU.ActiveCfg = Release|Any CPU
		{7433DDB3-A5CB-4174-B2C3-EEA442A639D1}.Release|Any CPU.Build.0 = Release|Any CPU
	EndGlobalSection
	GlobalSection(SolutionProperties) = preSolution
		HideSolutionNode = FALSE
	EndGlobalSection
	GlobalSection(ExtensibilityGlobals) = postSolution
		SolutionGuid = {772F54E5-EEA1-4A5E-AAA0-23D44A34B579}
	EndGlobalSection
EndGlobal
