
Microsoft Visual Studio Solution File, Format Version 12.00
# Visual Studio Version 17
VisualStudioVersion = 17.14.37531.7 d17.14
MinimumVisualStudioVersion = 10.0.40219.1
Project("{FAE04EC0-301F-11D3-BF4B-00C04F79EFBC}") = "Task Management System", "Task Management System.csproj", "{1500B741-479A-4078-916C-31D0A6803322}"
EndProject
Global
	GlobalSection(SolutionConfigurationPlatforms) = preSolution
		Debug|Any CPU = Debug|Any CPU
		Release|Any CPU = Release|Any CPU
	EndGlobalSection
	GlobalSection(ProjectConfigurationPlatforms) = postSolution
		{1500B741-479A-4078-916C-31D0A6803322}.Debug|Any CPU.ActiveCfg = Debug|Any CPU
		{1500B741-479A-4078-916C-31D0A6803322}.Debug|Any CPU.Build.0 = Debug|Any CPU
		{1500B741-479A-4078-916C-31D0A6803322}.Release|Any CPU.ActiveCfg = Release|Any CPU
		{1500B741-479A-4078-916C-31D0A6803322}.Release|Any CPU.Build.0 = Release|Any CPU
	EndGlobalSection
	GlobalSection(SolutionProperties) = preSolution
		HideSolutionNode = FALSE
	EndGlobalSection
	GlobalSection(ExtensibilityGlobals) = postSolution
		SolutionGuid = {6331AC17-8E4C-4B74-9A2F-E694FD7C5F63}
	EndGlobalSection
EndGlobal
