
Microsoft Visual Studio Solution File, Format Version 12.00
# Visual Studio Version 17
VisualStudioVersion = 17.14.37531.7 d17.14
MinimumVisualStudioVersion = 10.0.40219.1
Project("{FAE04EC0-301F-11D3-BF4B-00C04F79EFBC}") = "Copy Hashtable to Another Hashtable", "Copy Hashtable to Another Hashtable.csproj", "{432362EA-3FF3-4544-8F95-812AB9B3DCC7}"
EndProject
Global
	GlobalSection(SolutionConfigurationPlatforms) = preSolution
		Debug|Any CPU = Debug|Any CPU
		Release|Any CPU = Release|Any CPU
	EndGlobalSection
	GlobalSection(ProjectConfigurationPlatforms) = postSolution
		{432362EA-3FF3-4544-8F95-812AB9B3DCC7}.Debug|Any CPU.ActiveCfg = Debug|Any CPU
		{432362EA-3FF3-4544-8F95-812AB9B3DCC7}.Debug|Any CPU.Build.0 = Debug|Any CPU
		{432362EA-3FF3-4544-8F95-812AB9B3DCC7}.Release|Any CPU.ActiveCfg = Release|Any CPU
		{432362EA-3FF3-4544-8F95-812AB9B3DCC7}.Release|Any CPU.Build.0 = Release|Any CPU
	EndGlobalSection
	GlobalSection(SolutionProperties) = preSolution
		HideSolutionNode = FALSE
	EndGlobalSection
	GlobalSection(ExtensibilityGlobals) = postSolution
		SolutionGuid = {0120E9BF-0F02-4D23-B2F0-FFD88A564F5F}
	EndGlobalSection
EndGlobal
