
Microsoft Visual Studio Solution File, Format Version 12.00
# Visual Studio Version 17
VisualStudioVersion = 17.14.37531.7 d17.14
MinimumVisualStudioVersion = 10.0.40219.1
Project("{FAE04EC0-301F-11D3-BF4B-00C04F79EFBC}") = "Manage Tags in a Blogging Platform", "Manage Tags in a Blogging Platform.csproj", "{BDF12ED7-A27D-4FF7-BBB8-041C580F21F8}"
EndProject
Global
	GlobalSection(SolutionConfigurationPlatforms) = preSolution
		Debug|Any CPU = Debug|Any CPU
		Release|Any CPU = Release|Any CPU
	EndGlobalSection
	GlobalSection(ProjectConfigurationPlatforms) = postSolution
		{BDF12ED7-A27D-4FF7-BBB8-041C580F21F8}.Debug|Any CPU.ActiveCfg = Debug|Any CPU
		{BDF12ED7-A27D-4FF7-BBB8-041C580F21F8}.Debug|Any CPU.Build.0 = Debug|Any CPU
		{BDF12ED7-A27D-4FF7-BBB8-041C580F21F8}.Release|Any CPU.ActiveCfg = Release|Any CPU
		{BDF12ED7-A27D-4FF7-BBB8-041C580F21F8}.Release|Any CPU.Build.0 = Release|Any CPU
	EndGlobalSection
	GlobalSection(SolutionProperties) = preSolution
		HideSolutionNode = FALSE
	EndGlobalSection
	GlobalSection(ExtensibilityGlobals) = postSolution
		SolutionGuid = {AE25218A-FBC5-4438-9534-7F7EE0B254B6}
	EndGlobalSection
EndGlobal
