
Microsoft Visual Studio Solution File, Format Version 12.00
# Visual Studio Version 17
VisualStudioVersion = 17.14.37531.7 d17.14
MinimumVisualStudioVersion = 10.0.40219.1
Project("{FAE04EC0-301F-11D3-BF4B-00C04F79EFBC}") = "Find All Unique Elements", "Find All Unique Elements.csproj", "{9870F43E-E7C1-4DB4-ACB8-CDD6E4438E26}"
EndProject
Global
	GlobalSection(SolutionConfigurationPlatforms) = preSolution
		Debug|Any CPU = Debug|Any CPU
		Release|Any CPU = Release|Any CPU
	EndGlobalSection
	GlobalSection(ProjectConfigurationPlatforms) = postSolution
		{9870F43E-E7C1-4DB4-ACB8-CDD6E4438E26}.Debug|Any CPU.ActiveCfg = Debug|Any CPU
		{9870F43E-E7C1-4DB4-ACB8-CDD6E4438E26}.Debug|Any CPU.Build.0 = Debug|Any CPU
		{9870F43E-E7C1-4DB4-ACB8-CDD6E4438E26}.Release|Any CPU.ActiveCfg = Release|Any CPU
		{9870F43E-E7C1-4DB4-ACB8-CDD6E4438E26}.Release|Any CPU.Build.0 = Release|Any CPU
	EndGlobalSection
	GlobalSection(SolutionProperties) = preSolution
		HideSolutionNode = FALSE
	EndGlobalSection
	GlobalSection(ExtensibilityGlobals) = postSolution
		SolutionGuid = {0B303B75-E2FD-44A4-8859-D1B64B2F1BE5}
	EndGlobalSection
EndGlobal
