
Microsoft Visual Studio Solution File, Format Version 12.00
# Visual Studio Version 17
VisualStudioVersion = 17.14.37531.7 d17.14
MinimumVisualStudioVersion = 10.0.40219.1
Project("{FAE04EC0-301F-11D3-BF4B-00C04F79EFBC}") = "Remove Invalid Parentheses", "Remove Invalid Parentheses.csproj", "{2C1612A5-C41D-46FE-976A-ACE06D0F51C8}"
EndProject
Global
	GlobalSection(SolutionConfigurationPlatforms) = preSolution
		Debug|Any CPU = Debug|Any CPU
		Release|Any CPU = Release|Any CPU
	EndGlobalSection
	GlobalSection(ProjectConfigurationPlatforms) = postSolution
		{2C1612A5-C41D-46FE-976A-ACE06D0F51C8}.Debug|Any CPU.ActiveCfg = Debug|Any CPU
		{2C1612A5-C41D-46FE-976A-ACE06D0F51C8}.Debug|Any CPU.Build.0 = Debug|Any CPU
		{2C1612A5-C41D-46FE-976A-ACE06D0F51C8}.Release|Any CPU.ActiveCfg = Release|Any CPU
		{2C1612A5-C41D-46FE-976A-ACE06D0F51C8}.Release|Any CPU.Build.0 = Release|Any CPU
	EndGlobalSection
	GlobalSection(SolutionProperties) = preSolution
		HideSolutionNode = FALSE
	EndGlobalSection
	GlobalSection(ExtensibilityGlobals) = postSolution
		SolutionGuid = {42BC4A6B-BAD5-4988-A3BF-89749B7518FC}
	EndGlobalSection
EndGlobal
